
Microsoft Visual Studio Solution File, Format Version 12.00
# Visual Studio Version 17
VisualStudioVersion = 17.11.35312.102
MinimumVisualStudioVersion = 10.0.40219.1
Project("{2150E333-8FDC-42A3-9474-1A3956D46DE8}") = "Task0", "Task0", "{C499003A-A818-4E7C-A176-0475398770FF}"
EndProject
Project("{9A19103F-16F7-4668-BE54-9A1E7A4F7556}") = "Tyuiu.KhudiNA.Sprint1.Task0.V27", "Tyuiu.KhudiNA.Sprint1.Task0.V27\Tyuiu.KhudiNA.Sprint1.Task0.V27.csproj", "{0ABFC8C7-F916-4E09-8B13-8D7B55AE1AF0}"
EndProject
Project("{9A19103F-16F7-4668-BE54-9A1E7A4F7556}") = "Tyuiu.KhudiNA.Sprint1.Task0.V27.Lib", "Tyuiu.KhudiNA.Sprint1.Task0.V27.Lib\Tyuiu.KhudiNA.Sprint1.Task0.V27.Lib.csproj", "{4ADB79D4-E99C-4B7F-90D5-05D3312F94C4}"
EndProject
Project("{9A19103F-16F7-4668-BE54-9A1E7A4F7556}") = "Tyuiu.KhudiNA.Sprint1.Task0.V27.Test", "Tyuiu.KhudiNA.Sprint1.Task0.V27.Test\Tyuiu.KhudiNA.Sprint1.Task0.V27.Test.csproj", "{5C5B51DE-7981-4133-9F42-4865F9E0F7B1}"
EndProject
Project("{2150E333-8FDC-42A3-9474-1A3956D46DE8}") = "Task1", "Task1", "{E29ECD67-59D3-4D47-8A40-DC421E6553CD}"
EndProject
Project("{2150E333-8FDC-42A3-9474-1A3956D46DE8}") = "Task2", "Task2", "{4E0B75AE-F7B5-415A-86B1-3797D1FF5AED}"
EndProject
Project("{2150E333-8FDC-42A3-9474-1A3956D46DE8}") = "Task3", "Task3", "{01E6EEDB-0A52-4D7C-8A04-3C271C173E83}"
EndProject
Project("{2150E333-8FDC-42A3-9474-1A3956D46DE8}") = "Task4", "Task4", "{D21B7EA2-26A2-45A7-8A91-0C94D8760A1A}"
EndProject
Project("{2150E333-8FDC-42A3-9474-1A3956D46DE8}") = "Task5", "Task5", "{F5A3B240-6602-4CF5-AC59-A54D5911D07C}"
EndProject
Project("{2150E333-8FDC-42A3-9474-1A3956D46DE8}") = "Task6", "Task6", "{AB939F98-C883-443C-BCFE-7323F776FD07}"
EndProject
Project("{2150E333-8FDC-42A3-9474-1A3956D46DE8}") = "Task7", "Task7", "{FE6142D8-48D1-497B-8FFF-FBFA059399EA}"
EndProject
Project("{FAE04EC0-301F-11D3-BF4B-00C04F79EFBC}") = "Tyuiu.KhudiNA.Sprint1.Task1.V2", "Tyuiu.KhudiNA.Sprint1.Task1.V2\Tyuiu.KhudiNA.Sprint1.Task1.V2.csproj", "{B0CD266C-F566-41AB-8AD8-5C5AC98D529D}"
EndProject
Project("{FAE04EC0-301F-11D3-BF4B-00C04F79EFBC}") = "Tyuiu.KhudiNA.Sprint1.Task1.V2.Lib", "Tyuiu.KhudiNA.Sprint1.Task1.V2.Lib\Tyuiu.KhudiNA.Sprint1.Task1.V2.Lib.csproj", "{C39C678C-E7C6-457D-BA5C-58DB5888AF51}"
EndProject
Project("{FAE04EC0-301F-11D3-BF4B-00C04F79EFBC}") = "Tyuiu.KhudiNA.Sprint1.Task1.V2.Test", "Tyuiu.KhudiNA.Sprint1.Task1.V2.Test\Tyuiu.KhudiNA.Sprint1.Task1.V2.Test.csproj", "{67D7122C-3540-4F02-9636-23DAD740D66D}"
EndProject
Project("{FAE04EC0-301F-11D3-BF4B-00C04F79EFBC}") = "Tyuiu.KhudiNA.Sprint1.Task2.V19", "Tyuiu.KhudiNA.Sprint1.Task2.V19\Tyuiu.KhudiNA.Sprint1.Task2.V19.csproj", "{E6526D54-8E36-4845-8FAA-475DF7E3B759}"
EndProject
Project("{FAE04EC0-301F-11D3-BF4B-00C04F79EFBC}") = "Tyuiu.KhudiNA.Sprint1.Task2.V19.Test", "Tyuiu.KhudiNA.Sprint1.Task2.V19.Test\Tyuiu.KhudiNA.Sprint1.Task2.V19.Test.csproj", "{C9FB271A-1037-4194-8AD6-D881C1C7B7EA}"
EndProject
Project("{FAE04EC0-301F-11D3-BF4B-00C04F79EFBC}") = "Tyuiu.KhudiNA.Sprint1.Task2.V19.Lib", "Tyuiu.KhudiNA.Sprint1.Task2.V19.Lib\Tyuiu.KhudiNA.Sprint1.Task2.V19.Lib.csproj", "{4C71A062-3346-4248-8595-F32A04DEAA27}"
EndProject
Project("{FAE04EC0-301F-11D3-BF4B-00C04F79EFBC}") = "Tyuiu.KhudiNA.Sprint1.Task3.V14", "Tyuiu.KhudiNA.Sprint1.Task3.V14\Tyuiu.KhudiNA.Sprint1.Task3.V14.csproj", "{3128E793-AFDB-4A71-A4F6-1AAB38519BD4}"
EndProject
Project("{FAE04EC0-301F-11D3-BF4B-00C04F79EFBC}") = "Tyuiu.KhudiNA.Sprint1.Task3.V14.Lib", "Tyuiu.KhudiNA.Sprint1.Task3.V14.Lib\Tyuiu.KhudiNA.Sprint1.Task3.V14.Lib.csproj", "{C7691A65-99B9-48F6-AE45-E01CBBB4E486}"
EndProject
Project("{FAE04EC0-301F-11D3-BF4B-00C04F79EFBC}") = "Tyuiu.KhudiNA.Sprint1.Task3.V14.Test", "Tyuiu.KhudiNA.Sprint1.Task3.V14.Test\Tyuiu.KhudiNA.Sprint1.Task3.V14.Test.csproj", "{AA629231-D99D-44AB-BD1C-5CD1E8A487F3}"
EndProject
Project("{FAE04EC0-301F-11D3-BF4B-00C04F79EFBC}") = "Tyuiu.KhudiNA.Sprint1.Task4.V7", "Tyuiu.KhudiNA.Sprint1.Task4.V7\Tyuiu.KhudiNA.Sprint1.Task4.V7.csproj", "{CEA329DC-53E2-4782-80F7-85D8DA4316F1}"
EndProject
Project("{FAE04EC0-301F-11D3-BF4B-00C04F79EFBC}") = "Tyuiu.KhudiNA.Sprint1.Task4.V7.Lib", "Tyuiu.KhudiNA.Sprint1.Task4.V7.Lib\Tyuiu.KhudiNA.Sprint1.Task4.V7.Lib.csproj", "{91A512A8-260F-4100-81F5-F721792B3D06}"
EndProject
Project("{FAE04EC0-301F-11D3-BF4B-00C04F79EFBC}") = "Tyuiu.KhudiNA.Sprint1.Task4.V7.Test", "Tyuiu.KhudiNA.Sprint1.Task4.V7.Test\Tyuiu.KhudiNA.Sprint1.Task4.V7.Test.csproj", "{6D9BDEA3-717B-4A45-9F29-84995781ED4E}"
EndProject
Project("{FAE04EC0-301F-11D3-BF4B-00C04F79EFBC}") = "Tyuiu.KhudiNA.Sprint1.Task5.V3", "Tyuiu.KhudiNA.Sprint1.Task5.V3\Tyuiu.KhudiNA.Sprint1.Task5.V3.csproj", "{9FA9A296-A751-4900-A643-96809111D537}"
EndProject
Project("{FAE04EC0-301F-11D3-BF4B-00C04F79EFBC}") = "Tyuiu.KhudiNA.Sprint1.Task5.V3.Lib", "Tyuiu.KhudiNA.Sprint1.Task5.V3.Lib\Tyuiu.KhudiNA.Sprint1.Task5.V3.Lib.csproj", "{43CEC012-FF03-4394-A6E7-B95B8A7F4228}"
EndProject
Project("{FAE04EC0-301F-11D3-BF4B-00C04F79EFBC}") = "Tyuiu.KhudiNA.Sprint1.Task5.V3.Test", "Tyuiu.KhudiNA.Sprint1.Task5.V3.Test\Tyuiu.KhudiNA.Sprint1.Task5.V3.Test.csproj", "{E447FBE5-1A1F-4AEF-A4C2-0B51D713119C}"
EndProject
Project("{FAE04EC0-301F-11D3-BF4B-00C04F79EFBC}") = "Tyuiu.KhudiNA.Sprint1.Task6.V11", "Tyuiu.KhudiNA.Sprint1.Task6.V11\Tyuiu.KhudiNA.Sprint1.Task6.V11.csproj", "{8406EEC3-FCBD-414B-969E-1E97BE0C67D4}"
EndProject
Project("{FAE04EC0-301F-11D3-BF4B-00C04F79EFBC}") = "Tyuiu.KhudiNA.Sprint1.Task6.V11.Lib", "Tyuiu.KhudiNA.Sprint1.Task6.V11.Lib\Tyuiu.KhudiNA.Sprint1.Task6.V11.Lib.csproj", "{26184C1E-8B73-4DCC-B1C6-D5DEE71C9D9C}"
EndProject
Project("{FAE04EC0-301F-11D3-BF4B-00C04F79EFBC}") = "Tyuiu.KhudiNA.Sprint1.Task6.V11.Test", "Tyuiu.KhudiNA.Sprint1.Task6.V11.Test\Tyuiu.KhudiNA.Sprint1.Task6.V11.Test.csproj", "{BE2D68C0-CBE6-4AE5-BF32-E814ADD4015D}"
EndProject
Project("{FAE04EC0-301F-11D3-BF4B-00C04F79EFBC}") = "Tyuiu.KhudiNA.Sprint1.Task7.V30", "Tyuiu.KhudiNA.Sprint1.Task7.V30\Tyuiu.KhudiNA.Sprint1.Task7.V30.csproj", "{8D512EC6-8426-4442-A26F-337A09C36BF9}"
EndProject
Project("{FAE04EC0-301F-11D3-BF4B-00C04F79EFBC}") = "Tyuiu.KhudiNA.Sprint1.Task7.V30.Test", "Tyuiu.KhudiNA.Sprint1.Task7.V30.Test\Tyuiu.KhudiNA.Sprint1.Task7.V30.Test.csproj", "{101A6E68-F2D6-4CC3-A9F4-DD73467A9587}"
EndProject
Project("{FAE04EC0-301F-11D3-BF4B-00C04F79EFBC}") = "Tyuiu.KhudiNA.Sprint1.Task7.V30.Lib", "Tyuiu.KhudiNA.Sprint1.Task7.V30.Lib\Tyuiu.KhudiNA.Sprint1.Task7.V30.Lib.csproj", "{655DBB1A-5E1B-4113-B022-1A5ED3A6AC6B}"
EndProject
Global
	GlobalSection(SolutionConfigurationPlatforms) = preSolution
		Debug|Any CPU = Debug|Any CPU
		Release|Any CPU = Release|Any CPU
	EndGlobalSection
	GlobalSection(ProjectConfigurationPlatforms) = postSolution
		{0ABFC8C7-F916-4E09-8B13-8D7B55AE1AF0}.Debug|Any CPU.ActiveCfg = Debug|Any CPU
		{0ABFC8C7-F916-4E09-8B13-8D7B55AE1AF0}.Debug|Any CPU.Build.0 = Debug|Any CPU
		{0ABFC8C7-F916-4E09-8B13-8D7B55AE1AF0}.Release|Any CPU.ActiveCfg = Release|Any CPU
		{0ABFC8C7-F916-4E09-8B13-8D7B55AE1AF0}.Release|Any CPU.Build.0 = Release|Any CPU
		{4ADB79D4-E99C-4B7F-90D5-05D3312F94C4}.Debug|Any CPU.ActiveCfg = Debug|Any CPU
		{4ADB79D4-E99C-4B7F-90D5-05D3312F94C4}.Debug|Any CPU.Build.0 = Debug|Any CPU
		{4ADB79D4-E99C-4B7F-90D5-05D3312F94C4}.Release|Any CPU.ActiveCfg = Release|Any CPU
		{4ADB79D4-E99C-4B7F-90D5-05D3312F94C4}.Release|Any CPU.Build.0 = Release|Any CPU
		{5C5B51DE-7981-4133-9F42-4865F9E0F7B1}.Debug|Any CPU.ActiveCfg = Debug|Any CPU
		{5C5B51DE-7981-4133-9F42-4865F9E0F7B1}.Debug|Any CPU.Build.0 = Debug|Any CPU
		{5C5B51DE-7981-4133-9F42-4865F9E0F7B1}.Release|Any CPU.ActiveCfg = Release|Any CPU
		{5C5B51DE-7981-4133-9F42-4865F9E0F7B1}.Release|Any CPU.Build.0 = Release|Any CPU
		{B0CD266C-F566-41AB-8AD8-5C5AC98D529D}.Debug|Any CPU.ActiveCfg = Debug|Any CPU
		{B0CD266C-F566-41AB-8AD8-5C5AC98D529D}.Debug|Any CPU.Build.0 = Debug|Any CPU
		{B0CD266C-F566-41AB-8AD8-5C5AC98D529D}.Release|Any CPU.ActiveCfg = Release|Any CPU
		{B0CD266C-F566-41AB-8AD8-5C5AC98D529D}.Release|Any CPU.Build.0 = Release|Any CPU
		{C39C678C-E7C6-457D-BA5C-58DB5888AF51}.Debug|Any CPU.ActiveCfg = Debug|Any CPU
		{C39C678C-E7C6-457D-BA5C-58DB5888AF51}.Debug|Any CPU.Build.0 = Debug|Any CPU
		{C39C678C-E7C6-457D-BA5C-58DB5888AF51}.Release|Any CPU.ActiveCfg = Release|Any CPU
		{C39C678C-E7C6-457D-BA5C-58DB5888AF51}.Release|Any CPU.Build.0 = Release|Any CPU
		{67D7122C-3540-4F02-9636-23DAD740D66D}.Debug|Any CPU.ActiveCfg = Debug|Any CPU
		{67D7122C-3540-4F02-9636-23DAD740D66D}.Debug|Any CPU.Build.0 = Debug|Any CPU
		{67D7122C-3540-4F02-9636-23DAD740D66D}.Release|Any CPU.ActiveCfg = Release|Any CPU
		{67D7122C-3540-4F02-9636-23DAD740D66D}.Release|Any CPU.Build.0 = Release|Any CPU
		{E6526D54-8E36-4845-8FAA-475DF7E3B759}.Debug|Any CPU.ActiveCfg = Debug|Any CPU
		{E6526D54-8E36-4845-8FAA-475DF7E3B759}.Debug|Any CPU.Build.0 = Debug|Any CPU
		{E6526D54-8E36-4845-8FAA-475DF7E3B759}.Release|Any CPU.ActiveCfg = Release|Any CPU
		{E6526D54-8E36-4845-8FAA-475DF7E3B759}.Release|Any CPU.Build.0 = Release|Any CPU
		{C9FB271A-1037-4194-8AD6-D881C1C7B7EA}.Debug|Any CPU.ActiveCfg = Debug|Any CPU
		{C9FB271A-1037-4194-8AD6-D881C1C7B7EA}.Debug|Any CPU.Build.0 = Debug|Any CPU
		{C9FB271A-1037-4194-8AD6-D881C1C7B7EA}.Release|Any CPU.ActiveCfg = Release|Any CPU
		{C9FB271A-1037-4194-8AD6-D881C1C7B7EA}.Release|Any CPU.Build.0 = Release|Any CPU
		{4C71A062-3346-4248-8595-F32A04DEAA27}.Debug|Any CPU.ActiveCfg = Debug|Any CPU
		{4C71A062-3346-4248-8595-F32A04DEAA27}.Debug|Any CPU.Build.0 = Debug|Any CPU
		{4C71A062-3346-4248-8595-F32A04DEAA27}.Release|Any CPU.ActiveCfg = Release|Any CPU
		{4C71A062-3346-4248-8595-F32A04DEAA27}.Release|Any CPU.Build.0 = Release|Any CPU
		{3128E793-AFDB-4A71-A4F6-1AAB38519BD4}.Debug|Any CPU.ActiveCfg = Debug|Any CPU
		{3128E793-AFDB-4A71-A4F6-1AAB38519BD4}.Debug|Any CPU.Build.0 = Debug|Any CPU
		{3128E793-AFDB-4A71-A4F6-1AAB38519BD4}.Release|Any CPU.ActiveCfg = Release|Any CPU
		{3128E793-AFDB-4A71-A4F6-1AAB38519BD4}.Release|Any CPU.Build.0 = Release|Any CPU
		{C7691A65-99B9-48F6-AE45-E01CBBB4E486}.Debug|Any CPU.ActiveCfg = Debug|Any CPU
		{C7691A65-99B9-48F6-AE45-E01CBBB4E486}.Debug|Any CPU.Build.0 = Debug|Any CPU
		{C7691A65-99B9-48F6-AE45-E01CBBB4E486}.Release|Any CPU.ActiveCfg = Release|Any CPU
		{C7691A65-99B9-48F6-AE45-E01CBBB4E486}.Release|Any CPU.Build.0 = Release|Any CPU
		{AA629231-D99D-44AB-BD1C-5CD1E8A487F3}.Debug|Any CPU.ActiveCfg = Debug|Any CPU
		{AA629231-D99D-44AB-BD1C-5CD1E8A487F3}.Debug|Any CPU.Build.0 = Debug|Any CPU
		{AA629231-D99D-44AB-BD1C-5CD1E8A487F3}.Release|Any CPU.ActiveCfg = Release|Any CPU
		{AA629231-D99D-44AB-BD1C-5CD1E8A487F3}.Release|Any CPU.Build.0 = Release|Any CPU
		{CEA329DC-53E2-4782-80F7-85D8DA4316F1}.Debug|Any CPU.ActiveCfg = Debug|Any CPU
		{CEA329DC-53E2-4782-80F7-85D8DA4316F1}.Debug|Any CPU.Build.0 = Debug|Any CPU
		{CEA329DC-53E2-4782-80F7-85D8DA4316F1}.Release|Any CPU.ActiveCfg = Release|Any CPU
		{CEA329DC-53E2-4782-80F7-85D8DA4316F1}.Release|Any CPU.Build.0 = Release|Any CPU
		{91A512A8-260F-4100-81F5-F721792B3D06}.Debug|Any CPU.ActiveCfg = Debug|Any CPU
		{91A512A8-260F-4100-81F5-F721792B3D06}.Debug|Any CPU.Build.0 = Debug|Any CPU
		{91A512A8-260F-4100-81F5-F721792B3D06}.Release|Any CPU.ActiveCfg = Release|Any CPU
		{91A512A8-260F-4100-81F5-F721792B3D06}.Release|Any CPU.Build.0 = Release|Any CPU
		{6D9BDEA3-717B-4A45-9F29-84995781ED4E}.Debug|Any CPU.ActiveCfg = Debug|Any CPU
		{6D9BDEA3-717B-4A45-9F29-84995781ED4E}.Debug|Any CPU.Build.0 = Debug|Any CPU
		{6D9BDEA3-717B-4A45-9F29-84995781ED4E}.Release|Any CPU.ActiveCfg = Release|Any CPU
		{6D9BDEA3-717B-4A45-9F29-84995781ED4E}.Release|Any CPU.Build.0 = Release|Any CPU
		{9FA9A296-A751-4900-A643-96809111D537}.Debug|Any CPU.ActiveCfg = Debug|Any CPU
		{9FA9A296-A751-4900-A643-96809111D537}.Debug|Any CPU.Build.0 = Debug|Any CPU
		{9FA9A296-A751-4900-A643-96809111D537}.Release|Any CPU.ActiveCfg = Release|Any CPU
		{9FA9A296-A751-4900-A643-96809111D537}.Release|Any CPU.Build.0 = Release|Any CPU
		{43CEC012-FF03-4394-A6E7-B95B8A7F4228}.Debug|Any CPU.ActiveCfg = Debug|Any CPU
		{43CEC012-FF03-4394-A6E7-B95B8A7F4228}.Debug|Any CPU.Build.0 = Debug|Any CPU
		{43CEC012-FF03-4394-A6E7-B95B8A7F4228}.Release|Any CPU.ActiveCfg = Release|Any CPU
		{43CEC012-FF03-4394-A6E7-B95B8A7F4228}.Release|Any CPU.Build.0 = Release|Any CPU
		{E447FBE5-1A1F-4AEF-A4C2-0B51D713119C}.Debug|Any CPU.ActiveCfg = Debug|Any CPU
		{E447FBE5-1A1F-4AEF-A4C2-0B51D713119C}.Debug|Any CPU.Build.0 = Debug|Any CPU
		{E447FBE5-1A1F-4AEF-A4C2-0B51D713119C}.Release|Any CPU.ActiveCfg = Release|Any CPU
		{E447FBE5-1A1F-4AEF-A4C2-0B51D713119C}.Release|Any CPU.Build.0 = Release|Any CPU
		{8406EEC3-FCBD-414B-969E-1E97BE0C67D4}.Debug|Any CPU.ActiveCfg = Debug|Any CPU
		{8406EEC3-FCBD-414B-969E-1E97BE0C67D4}.Debug|Any CPU.Build.0 = Debug|Any CPU
		{8406EEC3-FCBD-414B-969E-1E97BE0C67D4}.Release|Any CPU.ActiveCfg = Release|Any CPU
		{8406EEC3-FCBD-414B-969E-1E97BE0C67D4}.Release|Any CPU.Build.0 = Release|Any CPU
		{26184C1E-8B73-4DCC-B1C6-D5DEE71C9D9C}.Debug|Any CPU.ActiveCfg = Debug|Any CPU
		{26184C1E-8B73-4DCC-B1C6-D5DEE71C9D9C}.Debug|Any CPU.Build.0 = Debug|Any CPU
		{26184C1E-8B73-4DCC-B1C6-D5DEE71C9D9C}.Release|Any CPU.ActiveCfg = Release|Any CPU
		{26184C1E-8B73-4DCC-B1C6-D5DEE71C9D9C}.Release|Any CPU.Build.0 = Release|Any CPU
		{BE2D68C0-CBE6-4AE5-BF32-E814ADD4015D}.Debug|Any CPU.ActiveCfg = Debug|Any CPU
		{BE2D68C0-CBE6-4AE5-BF32-E814ADD4015D}.Debug|Any CPU.Build.0 = Debug|Any CPU
		{BE2D68C0-CBE6-4AE5-BF32-E814ADD4015D}.Release|Any CPU.ActiveCfg = Release|Any CPU
		{BE2D68C0-CBE6-4AE5-BF32-E814ADD4015D}.Release|Any CPU.Build.0 = Release|Any CPU
		{8D512EC6-8426-4442-A26F-337A09C36BF9}.Debug|Any CPU.ActiveCfg = Debug|Any CPU
		{8D512EC6-8426-4442-A26F-337A09C36BF9}.Debug|Any CPU.Build.0 = Debug|Any CPU
		{8D512EC6-8426-4442-A26F-337A09C36BF9}.Release|Any CPU.ActiveCfg = Release|Any CPU
		{8D512EC6-8426-4442-A26F-337A09C36BF9}.Release|Any CPU.Build.0 = Release|Any CPU
		{101A6E68-F2D6-4CC3-A9F4-DD73467A9587}.Debug|Any CPU.ActiveCfg = Debug|Any CPU
		{101A6E68-F2D6-4CC3-A9F4-DD73467A9587}.Debug|Any CPU.Build.0 = Debug|Any CPU
		{101A6E68-F2D6-4CC3-A9F4-DD73467A9587}.Release|Any CPU.ActiveCfg = Release|Any CPU
		{101A6E68-F2D6-4CC3-A9F4-DD73467A9587}.Release|Any CPU.Build.0 = Release|Any CPU
		{655DBB1A-5E1B-4113-B022-1A5ED3A6AC6B}.Debug|Any CPU.ActiveCfg = Debug|Any CPU
		{655DBB1A-5E1B-4113-B022-1A5ED3A6AC6B}.Debug|Any CPU.Build.0 = Debug|Any CPU
		{655DBB1A-5E1B-4113-B022-1A5ED3A6AC6B}.Release|Any CPU.ActiveCfg = Release|Any CPU
		{655DBB1A-5E1B-4113-B022-1A5ED3A6AC6B}.Release|Any CPU.Build.0 = Release|Any CPU
	EndGlobalSection
	GlobalSection(SolutionProperties) = preSolution
		HideSolutionNode = FALSE
	EndGlobalSection
	GlobalSection(NestedProjects) = preSolution
		{0ABFC8C7-F916-4E09-8B13-8D7B55AE1AF0} = {C499003A-A818-4E7C-A176-0475398770FF}
		{4ADB79D4-E99C-4B7F-90D5-05D3312F94C4} = {C499003A-A818-4E7C-A176-0475398770FF}
		{5C5B51DE-7981-4133-9F42-4865F9E0F7B1} = {C499003A-A818-4E7C-A176-0475398770FF}
		{B0CD266C-F566-41AB-8AD8-5C5AC98D529D} = {E29ECD67-59D3-4D47-8A40-DC421E6553CD}
		{C39C678C-E7C6-457D-BA5C-58DB5888AF51} = {E29ECD67-59D3-4D47-8A40-DC421E6553CD}
		{67D7122C-3540-4F02-9636-23DAD740D66D} = {E29ECD67-59D3-4D47-8A40-DC421E6553CD}
		{E6526D54-8E36-4845-8FAA-475DF7E3B759} = {4E0B75AE-F7B5-415A-86B1-3797D1FF5AED}
		{C9FB271A-1037-4194-8AD6-D881C1C7B7EA} = {4E0B75AE-F7B5-415A-86B1-3797D1FF5AED}
		{4C71A062-3346-4248-8595-F32A04DEAA27} = {4E0B75AE-F7B5-415A-86B1-3797D1FF5AED}
		{3128E793-AFDB-4A71-A4F6-1AAB38519BD4} = {01E6EEDB-0A52-4D7C-8A04-3C271C173E83}
		{C7691A65-99B9-48F6-AE45-E01CBBB4E486} = {01E6EEDB-0A52-4D7C-8A04-3C271C173E83}
		{AA629231-D99D-44AB-BD1C-5CD1E8A487F3} = {01E6EEDB-0A52-4D7C-8A04-3C271C173E83}
		{CEA329DC-53E2-4782-80F7-85D8DA4316F1} = {D21B7EA2-26A2-45A7-8A91-0C94D8760A1A}
		{91A512A8-260F-4100-81F5-F721792B3D06} = {D21B7EA2-26A2-45A7-8A91-0C94D8760A1A}
		{6D9BDEA3-717B-4A45-9F29-84995781ED4E} = {D21B7EA2-26A2-45A7-8A91-0C94D8760A1A}
		{9FA9A296-A751-4900-A643-96809111D537} = {F5A3B240-6602-4CF5-AC59-A54D5911D07C}
		{43CEC012-FF03-4394-A6E7-B95B8A7F4228} = {F5A3B240-6602-4CF5-AC59-A54D5911D07C}
		{E447FBE5-1A1F-4AEF-A4C2-0B51D713119C} = {F5A3B240-6602-4CF5-AC59-A54D5911D07C}
		{8406EEC3-FCBD-414B-969E-1E97BE0C67D4} = {AB939F98-C883-443C-BCFE-7323F776FD07}
		{26184C1E-8B73-4DCC-B1C6-D5DEE71C9D9C} = {AB939F98-C883-443C-BCFE-7323F776FD07}
		{BE2D68C0-CBE6-4AE5-BF32-E814ADD4015D} = {AB939F98-C883-443C-BCFE-7323F776FD07}
		{8D512EC6-8426-4442-A26F-337A09C36BF9} = {FE6142D8-48D1-497B-8FFF-FBFA059399EA}
		{101A6E68-F2D6-4CC3-A9F4-DD73467A9587} = {FE6142D8-48D1-497B-8FFF-FBFA059399EA}
		{655DBB1A-5E1B-4113-B022-1A5ED3A6AC6B} = {FE6142D8-48D1-497B-8FFF-FBFA059399EA}
	EndGlobalSection
	GlobalSection(ExtensibilityGlobals) = postSolution
		SolutionGuid = {272C55C6-C620-41D4-BDF2-267E6815337C}
	EndGlobalSection
EndGlobal
